// !$*UTF8*$!
{
	archiveVersion = 1;
	classes = {
	};
	objectVersion = 55;
	objects = {

/* Begin PBXBuildFile section */
		D30BDFAC2728099800F0DCEE /* ContentDetailView.swift in Sources */ = {isa = PBXBuildFile; fileRef = D30BDFAB2728099800F0DCEE /* ContentDetailView.swift */; };
		D30BDFAF27280BAE00F0DCEE /* AVKit.framework in Frameworks */ = {isa = PBXBuildFile; fileRef = D30BDFAE27280BAE00F0DCEE /* AVKit.framework */; };
		D30BDFB127280CFB00F0DCEE /* Constants.swift in Sources */ = {isa = PBXBuildFile; fileRef = D30BDFB027280CFB00F0DCEE /* Constants.swift */; };
		D36C75DF271F250D00E440FE /* LearningApp.swift in Sources */ = {isa = PBXBuildFile; fileRef = D36C75DE271F250D00E440FE /* LearningApp.swift */; };
		D36C75E1271F250D00E440FE /* HomeView.swift in Sources */ = {isa = PBXBuildFile; fileRef = D36C75E0271F250D00E440FE /* HomeView.swift */; };
		D36C75E3271F251400E440FE /* Assets.xcassets in Resources */ = {isa = PBXBuildFile; fileRef = D36C75E2271F251400E440FE /* Assets.xcassets */; };
		D36C75E6271F251400E440FE /* Preview Assets.xcassets in Resources */ = {isa = PBXBuildFile; fileRef = D36C75E5271F251400E440FE /* Preview Assets.xcassets */; };
		D36C75F2271F25E100E440FE /* ContentModel.swift in Sources */ = {isa = PBXBuildFile; fileRef = D36C75F1271F25E100E440FE /* ContentModel.swift */; };
		D36C75F5271F277700E440FE /* data.json in Resources */ = {isa = PBXBuildFile; fileRef = D36C75F3271F277700E440FE /* data.json */; };
		D36C75F6271F277700E440FE /* style.html in Resources */ = {isa = PBXBuildFile; fileRef = D36C75F4271F277700E440FE /* style.html */; };
		D36C75F8271F297800E440FE /* Models.swift in Sources */ = {isa = PBXBuildFile; fileRef = D36C75F7271F297800E440FE /* Models.swift */; };
		D36C75FA2720175A00E440FE /* HomeViewRow.swift in Sources */ = {isa = PBXBuildFile; fileRef = D36C75F92720175A00E440FE /* HomeViewRow.swift */; };
		D36C75FC27203E1000E440FE /* ContentView.swift in Sources */ = {isa = PBXBuildFile; fileRef = D36C75FB27203E1000E440FE /* ContentView.swift */; };
		D36C75FE2720464A00E440FE /* ContentViewRow.swift in Sources */ = {isa = PBXBuildFile; fileRef = D36C75FD2720464A00E440FE /* ContentViewRow.swift */; };
/* End PBXBuildFile section */

/* Begin PBXFileReference section */
		D30BDFAB2728099800F0DCEE /* ContentDetailView.swift */ = {isa = PBXFileReference; lastKnownFileType = sourcecode.swift; path = ContentDetailView.swift; sourceTree = "<group>"; };
		D30BDFAE27280BAE00F0DCEE /* AVKit.framework */ = {isa = PBXFileReference; lastKnownFileType = wrapper.framework; name = AVKit.framework; path = System/Library/Frameworks/AVKit.framework; sourceTree = SDKROOT; };
		D30BDFB027280CFB00F0DCEE /* Constants.swift */ = {isa = PBXFileReference; lastKnownFileType = sourcecode.swift; path = Constants.swift; sourceTree = "<group>"; };
		D36C75DB271F250D00E440FE /* LearningApp.app */ = {isa = PBXFileReference; explicitFileType = wrapper.application; includeInIndex = 0; path = LearningApp.app; sourceTree = BUILT_PRODUCTS_DIR; };
		D36C75DE271F250D00E440FE /* LearningApp.swift */ = {isa = PBXFileReference; lastKnownFileType = sourcecode.swift; path = LearningApp.swift; sourceTree = "<group>"; };
		D36C75E0271F250D00E440FE /* HomeView.swift */ = {isa = PBXFileReference; lastKnownFileType = sourcecode.swift; path = HomeView.swift; sourceTree = "<group>"; };
		D36C75E2271F251400E440FE /* Assets.xcassets */ = {isa = PBXFileReference; lastKnownFileType = folder.assetcatalog; path = Assets.xcassets; sourceTree = "<group>"; };
		D36C75E5271F251400E440FE /* Preview Assets.xcassets */ = {isa = PBXFileReference; lastKnownFileType = folder.assetcatalog; path = "Preview Assets.xcassets"; sourceTree = "<group>"; };
		D36C75F1271F25E100E440FE /* ContentModel.swift */ = {isa = PBXFileReference; lastKnownFileType = sourcecode.swift; path = ContentModel.swift; sourceTree = "<group>"; };
		D36C75F3271F277700E440FE /* data.json */ = {isa = PBXFileReference; fileEncoding = 4; lastKnownFileType = text.json; path = data.json; sourceTree = "<group>"; };
		D36C75F4271F277700E440FE /* style.html */ = {isa = PBXFileReference; fileEncoding = 4; lastKnownFileType = text.html; path = style.html; sourceTree = "<group>"; };
		D36C75F7271F297800E440FE /* Models.swift */ = {isa = PBXFileReference; lastKnownFileType = sourcecode.swift; path = Models.swift; sourceTree = "<group>"; };
		D36C75F92720175A00E440FE /* HomeViewRow.swift */ = {isa = PBXFileReference; lastKnownFileType = sourcecode.swift; path = HomeViewRow.swift; sourceTree = "<group>"; };
		D36C75FB27203E1000E440FE /* ContentView.swift */ = {isa = PBXFileReference; lastKnownFileType = sourcecode.swift; name = ContentView.swift; path = LearningApp/ContentView.swift; sourceTree = SOURCE_ROOT; };
		D36C75FD2720464A00E440FE /* ContentViewRow.swift */ = {isa = PBXFileReference; lastKnownFileType = sourcecode.swift; path = ContentViewRow.swift; sourceTree = "<group>"; };
/* End PBXFileReference section */

/* Begin PBXFrameworksBuildPhase section */
		D36C75D8271F250D00E440FE /* Frameworks */ = {
			isa = PBXFrameworksBuildPhase;
			buildActionMask = 2147483647;
			files = (
				D30BDFAF27280BAE00F0DCEE /* AVKit.framework in Frameworks */,
			);
			runOnlyForDeploymentPostprocessing = 0;
		};
/* End PBXFrameworksBuildPhase section */

/* Begin PBXGroup section */
		D30BDFAD27280BAE00F0DCEE /* Frameworks */ = {
			isa = PBXGroup;
			children = (
				D30BDFAE27280BAE00F0DCEE /* AVKit.framework */,
			);
			name = Frameworks;
			sourceTree = "<group>";
		};
		D36C75D2271F250D00E440FE = {
			isa = PBXGroup;
			children = (
				D36C75DD271F250D00E440FE /* LearningApp */,
				D36C75DC271F250D00E440FE /* Products */,
				D30BDFAD27280BAE00F0DCEE /* Frameworks */,
			);
			sourceTree = "<group>";
		};
		D36C75DC271F250D00E440FE /* Products */ = {
			isa = PBXGroup;
			children = (
				D36C75DB271F250D00E440FE /* LearningApp.app */,
			);
			name = Products;
			sourceTree = "<group>";
		};
		D36C75DD271F250D00E440FE /* LearningApp */ = {
			isa = PBXGroup;
			children = (
				D30BDFB027280CFB00F0DCEE /* Constants.swift */,
				D36C75DE271F250D00E440FE /* LearningApp.swift */,
				D36C75EC271F258100E440FE /* Views */,
				D36C75EF271F259B00E440FE /* ViewModels */,
				D36C75ED271F258B00E440FE /* Models */,
				D36C75F0271F25A700E440FE /* Resources */,
				D36C75EE271F259100E440FE /* Helpers */,
				D36C75E2271F251400E440FE /* Assets.xcassets */,
				D36C75E4271F251400E440FE /* Preview Content */,
			);
			path = LearningApp;
			sourceTree = "<group>";
		};
		D36C75E4271F251400E440FE /* Preview Content */ = {
			isa = PBXGroup;
			children = (
				D36C75E5271F251400E440FE /* Preview Assets.xcassets */,
			);
			path = "Preview Content";
			sourceTree = "<group>";
		};
		D36C75EC271F258100E440FE /* Views */ = {
			isa = PBXGroup;
			children = (
				D36C75E0271F250D00E440FE /* HomeView.swift */,
				D36C75F92720175A00E440FE /* HomeViewRow.swift */,
				D36C75FB27203E1000E440FE /* ContentView.swift */,
				D36C75FD2720464A00E440FE /* ContentViewRow.swift */,
				D30BDFAB2728099800F0DCEE /* ContentDetailView.swift */,
			);
			path = Views;
			sourceTree = "<group>";
		};
		D36C75ED271F258B00E440FE /* Models */ = {
			isa = PBXGroup;
			children = (
				D36C75F7271F297800E440FE /* Models.swift */,
			);
			path = Models;
			sourceTree = "<group>";
		};
		D36C75EE271F259100E440FE /* Helpers */ = {
			isa = PBXGroup;
			children = (
			);
			path = Helpers;
			sourceTree = "<group>";
		};
		D36C75EF271F259B00E440FE /* ViewModels */ = {
			isa = PBXGroup;
			children = (
				D36C75F1271F25E100E440FE /* ContentModel.swift */,
			);
			path = ViewModels;
			sourceTree = "<group>";
		};
		D36C75F0271F25A700E440FE /* Resources */ = {
			isa = PBXGroup;
			children = (
				D36C75F3271F277700E440FE /* data.json */,
				D36C75F4271F277700E440FE /* style.html */,
			);
			path = Resources;
			sourceTree = "<group>";
		};
/* End PBXGroup section */

/* Begin PBXNativeTarget section */
		D36C75DA271F250D00E440FE /* LearningApp */ = {
			isa = PBXNativeTarget;
			buildConfigurationList = D36C75E9271F251400E440FE /* Build configuration list for PBXNativeTarget "LearningApp" */;
			buildPhases = (
				D36C75D7271F250D00E440FE /* Sources */,
				D36C75D8271F250D00E440FE /* Frameworks */,
				D36C75D9271F250D00E440FE /* Resources */,
			);
			buildRules = (
			);
			dependencies = (
			);
			name = LearningApp;
			productName = LearningApp;
			productReference = D36C75DB271F250D00E440FE /* LearningApp.app */;
			productType = "com.apple.product-type.application";
		};
/* End PBXNativeTarget section */

/* Begin PBXProject section */
		D36C75D3271F250D00E440FE /* Project object */ = {
			isa = PBXProject;
			attributes = {
				BuildIndependentTargetsInParallel = 1;
				LastSwiftUpdateCheck = 1300;
				LastUpgradeCheck = 1300;
				TargetAttributes = {
					D36C75DA271F250D00E440FE = {
						CreatedOnToolsVersion = 13.0;
					};
				};
			};
			buildConfigurationList = D36C75D6271F250D00E440FE /* Build configuration list for PBXProject "LearningApp" */;
			compatibilityVersion = "Xcode 13.0";
			developmentRegion = en;
			hasScannedForEncodings = 0;
			knownRegions = (
				en,
				Base,
			);
			mainGroup = D36C75D2271F250D00E440FE;
			productRefGroup = D36C75DC271F250D00E440FE /* Products */;
			projectDirPath = "";
			projectRoot = "";
			targets = (
				D36C75DA271F250D00E440FE /* LearningApp */,
			);
		};
/* End PBXProject section */

/* Begin PBXResourcesBuildPhase section */
		D36C75D9271F250D00E440FE /* Resources */ = {
			isa = PBXResourcesBuildPhase;
			buildActionMask = 2147483647;
			files = (
				D36C75E6271F251400E440FE /* Preview Assets.xcassets in Resources */,
				D36C75F5271F277700E440FE /* data.json in Resources */,
				D36C75F6271F277700E440FE /* style.html in Resources */,
				D36C75E3271F251400E440FE /* Assets.xcassets in Resources */,
			);
			runOnlyForDeploymentPostprocessing = 0;
		};
/* End PBXResourcesBuildPhase section */

/* Begin PBXSourcesBuildPhase section */
		D36C75D7271F250D00E440FE /* Sources */ = {
			isa = PBXSourcesBuildPhase;
			buildActionMask = 2147483647;
			files = (
				D36C75E1271F250D00E440FE /* HomeView.swift in Sources */,
				D36C75FA2720175A00E440FE /* HomeViewRow.swift in Sources */,
				D36C75FC27203E1000E440FE /* ContentView.swift in Sources */,
				D30BDFAC2728099800F0DCEE /* ContentDetailView.swift in Sources */,
				D36C75DF271F250D00E440FE /* LearningApp.swift in Sources */,
				D36C75FE2720464A00E440FE /* ContentViewRow.swift in Sources */,
				D36C75F2271F25E100E440FE /* ContentModel.swift in Sources */,
				D36C75F8271F297800E440FE /* Models.swift in Sources */,
				D30BDFB127280CFB00F0DCEE /* Constants.swift in Sources */,
			);
			runOnlyForDeploymentPostprocessing = 0;
		};
/* End PBXSourcesBuildPhase section */

/* Begin XCBuildConfiguration section */
		D36C75E7271F251400E440FE /* Debug */ = {
			isa = XCBuildConfiguration;
			buildSettings = {
				ALWAYS_SEARCH_USER_PATHS = NO;
				CLANG_ANALYZER_NONNULL = YES;
				CLANG_ANALYZER_NUMBER_OBJECT_CONVERSION = YES_AGGRESSIVE;
				CLANG_CXX_LANGUAGE_STANDARD = "gnu++17";
				CLANG_CXX_LIBRARY = "libc++";
				CLANG_ENABLE_MODULES = YES;
				CLANG_ENABLE_OBJC_ARC = YES;
				CLANG_ENABLE_OBJC_WEAK = YES;
				CLANG_WARN_BLOCK_CAPTURE_AUTORELEASING = YES;
				CLANG_WARN_BOOL_CONVERSION = YES;
				CLANG_WARN_COMMA = YES;
				CLANG_WARN_CONSTANT_CONVERSION = YES;
				CLANG_WARN_DEPRECATED_OBJC_IMPLEMENTATIONS = YES;
				CLANG_WARN_DIRECT_OBJC_ISA_USAGE = YES_ERROR;
				CLANG_WARN_DOCUMENTATION_COMMENTS = YES;
				CLANG_WARN_EMPTY_BODY = YES;
				CLANG_WARN_ENUM_CONVERSION = YES;
				CLANG_WARN_INFINITE_RECURSION = YES;
				CLANG_WARN_INT_CONVERSION = YES;
				CLANG_WARN_NON_LITERAL_NULL_CONVERSION = YES;
				CLANG_WARN_OBJC_IMPLICIT_RETAIN_SELF = YES;
				CLANG_WARN_OBJC_LITERAL_CONVERSION = YES;
				CLANG_WARN_OBJC_ROOT_CLASS = YES_ERROR;
				CLANG_WARN_QUOTED_INCLUDE_IN_FRAMEWORK_HEADER = YES;
				CLANG_WARN_RANGE_LOOP_ANALYSIS = YES;
				CLANG_WARN_STRICT_PROTOTYPES = YES;
				CLANG_WARN_SUSPICIOUS_MOVE = YES;
				CLANG_WARN_UNGUARDED_AVAILABILITY = YES_AGGRESSIVE;
				CLANG_WARN_UNREACHABLE_CODE = YES;
				CLANG_WARN__DUPLICATE_METHOD_MATCH = YES;
				COPY_PHASE_STRIP = NO;
				DEBUG_INFORMATION_FORMAT = dwarf;
				ENABLE_STRICT_OBJC_MSGSEND = YES;
				ENABLE_TESTABILITY = YES;
				GCC_C_LANGUAGE_STANDARD = gnu11;
				GCC_DYNAMIC_NO_PIC = NO;
				GCC_NO_COMMON_BLOCKS = YES;
				GCC_OPTIMIZATION_LEVEL = 0;
				GCC_PREPROCESSOR_DEFINITIONS = (
					"DEBUG=1",
					"$(inherited)",
				);
				GCC_WARN_64_TO_32_BIT_CONVERSION = YES;
				GCC_WARN_ABOUT_RETURN_TYPE = YES_ERROR;
				GCC_WARN_UNDECLARED_SELECTOR = YES;
				GCC_WARN_UNINITIALIZED_AUTOS = YES_AGGRESSIVE;
				GCC_WARN_UNUSED_FUNCTION = YES;
				GCC_WARN_UNUSED_VARIABLE = YES;
				IPHONEOS_DEPLOYMENT_TARGET = 15.0;
				MTL_ENABLE_DEBUG_INFO = INCLUDE_SOURCE;
				MTL_FAST_MATH = YES;
				ONLY_ACTIVE_ARCH = YES;
				SDKROOT = iphoneos;
				SWIFT_ACTIVE_COMPILATION_CONDITIONS = DEBUG;
				SWIFT_OPTIMIZATION_LEVEL = "-Onone";
			};
			name = Debug;
		};
		D36C75E8271F251400E440FE /* Release */ = {
			isa = XCBuildConfiguration;
			buildSettings = {
				ALWAYS_SEARCH_USER_PATHS = NO;
				CLANG_ANALYZER_NONNULL = YES;
				CLANG_ANALYZER_NUMBER_OBJECT_CONVERSION = YES_AGGRESSIVE;
				CLANG_CXX_LANGUAGE_STANDARD = "gnu++17";
				CLANG_CXX_LIBRARY = "libc++";
				CLANG_ENABLE_MODULES = YES;
				CLANG_ENABLE_OBJC_ARC = YES;
				CLANG_ENABLE_OBJC_WEAK = YES;
				CLANG_WARN_BLOCK_CAPTURE_AUTORELEASING = YES;
				CLANG_WARN_BOOL_CONVERSION = YES;
				CLANG_WARN_COMMA = YES;
				CLANG_WARN_CONSTANT_CONVERSION = YES;
				CLANG_WARN_DEPRECATED_OBJC_IMPLEMENTATIONS = YES;
				CLANG_WARN_DIRECT_OBJC_ISA_USAGE = YES_ERROR;
				CLANG_WARN_DOCUMENTATION_COMMENTS = YES;
				CLANG_WARN_EMPTY_BODY = YES;
				CLANG_WARN_ENUM_CONVERSION = YES;
				CLANG_WARN_INFINITE_RECURSION = YES;
				CLANG_WARN_INT_CONVERSION = YES;
				CLANG_WARN_NON_LITERAL_NULL_CONVERSION = YES;
				CLANG_WARN_OBJC_IMPLICIT_RETAIN_SELF = YES;
				CLANG_WARN_OBJC_LITERAL_CONVERSION = YES;
				CLANG_WARN_OBJC_ROOT_CLASS = YES_ERROR;
				CLANG_WARN_QUOTED_INCLUDE_IN_FRAMEWORK_HEADER = YES;
				CLANG_WARN_RANGE_LOOP_ANALYSIS = YES;
				CLANG_WARN_STRICT_PROTOTYPES = YES;
				CLANG_WARN_SUSPICIOUS_MOVE = YES;
				CLANG_WARN_UNGUARDED_AVAILABILITY = YES_AGGRESSIVE;
				CLANG_WARN_UNREACHABLE_CODE = YES;
				CLANG_WARN__DUPLICATE_METHOD_MATCH = YES;
				COPY_PHASE_STRIP = NO;
				DEBUG_INFORMATION_FORMAT = "dwarf-with-dsym";
				ENABLE_NS_ASSERTIONS = NO;
				ENABLE_STRICT_OBJC_MSGSEND = YES;
				GCC_C_LANGUAGE_STANDARD = gnu11;
				GCC_NO_COMMON_BLOCKS = YES;
				GCC_WARN_64_TO_32_BIT_CONVERSION = YES;
				GCC_WARN_ABOUT_RETURN_TYPE = YES_ERROR;
				GCC_WARN_UNDECLARED_SELECTOR = YES;
				GCC_WARN_UNINITIALIZED_AUTOS = YES_AGGRESSIVE;
				GCC_WARN_UNUSED_FUNCTION = YES;
				GCC_WARN_UNUSED_VARIABLE = YES;
				IPHONEOS_DEPLOYMENT_TARGET = 15.0;
				MTL_ENABLE_DEBUG_INFO = NO;
				MTL_FAST_MATH = YES;
				SDKROOT = iphoneos;
				SWIFT_COMPILATION_MODE = wholemodule;
				SWIFT_OPTIMIZATION_LEVEL = "-O";
				VALIDATE_PRODUCT = YES;
			};
			name = Release;
		};
		D36C75EA271F251400E440FE /* Debug */ = {
			isa = XCBuildConfiguration;
			buildSettings = {
				ASSETCATALOG_COMPILER_APPICON_NAME = AppIcon;
				ASSETCATALOG_COMPILER_GLOBAL_ACCENT_COLOR_NAME = AccentColor;
				CODE_SIGN_STYLE = Automatic;
				CURRENT_PROJECT_VERSION = 1;
				DEVELOPMENT_ASSET_PATHS = "\"LearningApp/Preview Content\"";
				DEVELOPMENT_TEAM = 2X7LMDH29M;
				ENABLE_PREVIEWS = YES;
				GENERATE_INFOPLIST_FILE = YES;
				INFOPLIST_KEY_UIApplicationSceneManifest_Generation = YES;
				INFOPLIST_KEY_UIApplicationSupportsIndirectInputEvents = YES;
				INFOPLIST_KEY_UILaunchScreen_Generation = YES;
				INFOPLIST_KEY_UISupportedInterfaceOrientations_iPad = "UIInterfaceOrientationPortrait UIInterfaceOrientationPortraitUpsideDown UIInterfaceOrientationLandscapeLeft UIInterfaceOrientationLandscapeRight";
				INFOPLIST_KEY_UISupportedInterfaceOrientations_iPhone = "UIInterfaceOrientationPortrait UIInterfaceOrientationLandscapeLeft UIInterfaceOrientationLandscapeRight";
				IPHONEOS_DEPLOYMENT_TARGET = 14.0;
				LD_RUNPATH_SEARCH_PATHS = (
					"$(inherited)",
					"@executable_path/Frameworks",
				);
				MARKETING_VERSION = 1.0;
				PRODUCT_BUNDLE_IDENTIFIER = com.chrishoughton.LearningApp;
				PRODUCT_NAME = "$(TARGET_NAME)";
				SWIFT_EMIT_LOC_STRINGS = YES;
				SWIFT_VERSION = 5.0;
				TARGETED_DEVICE_FAMILY = "1,2";
			};
			name = Debug;
		};
		D36C75EB271F251400E440FE /* Release */ = {
			isa = XCBuildConfiguration;
			buildSettings = {
				ASSETCATALOG_COMPILER_APPICON_NAME = AppIcon;
				ASSETCATALOG_COMPILER_GLOBAL_ACCENT_COLOR_NAME = AccentColor;
				CODE_SIGN_STYLE = Automatic;
				CURRENT_PROJECT_VERSION = 1;
				DEVELOPMENT_ASSET_PATHS = "\"LearningApp/Preview Content\"";
				DEVELOPMENT_TEAM = 2X7LMDH29M;
				ENABLE_PREVIEWS = YES;
				GENERATE_INFOPLIST_FILE = YES;
				INFOPLIST_KEY_UIApplicationSceneManifest_Generation = YES;
				INFOPLIST_KEY_UIApplicationSupportsIndirectInputEvents = YES;
				INFOPLIST_KEY_UILaunchScreen_Generation = YES;
				INFOPLIST_KEY_UISupportedInterfaceOrientations_iPad = "UIInterfaceOrientationPortrait UIInterfaceOrientationPortraitUpsideDown UIInterfaceOrientationLandscapeLeft UIInterfaceOrientationLandscapeRight";
				INFOPLIST_KEY_UISupportedInterfaceOrientations_iPhone = "UIInterfaceOrientationPortrait UIInterfaceOrientationLandscapeLeft UIInterfaceOrientationLandscapeRight";
				IPHONEOS_DEPLOYMENT_TARGET = 14.0;
				LD_RUNPATH_SEARCH_PATHS = (
					"$(inherited)",
					"@executable_path/Frameworks",
				);
				MARKETING_VERSION = 1.0;
				PRODUCT_BUNDLE_IDENTIFIER = com.chrishoughton.LearningApp;
				PRODUCT_NAME = "$(TARGET_NAME)";
				SWIFT_EMIT_LOC_STRINGS = YES;
				SWIFT_VERSION = 5.0;
				TARGETED_DEVICE_FAMILY = "1,2";
			};
			name = Release;
		};
/* End XCBuildConfiguration section */

/* Begin XCConfigurationList section */
		D36C75D6271F250D00E440FE /* Build configuration list for PBXProject "LearningApp" */ = {
			isa = XCConfigurationList;
			buildConfigurations = (
				D36C75E7271F251400E440FE /* Debug */,
				D36C75E8271F251400E440FE /* Release */,
			);
			defaultConfigurationIsVisible = 0;
			defaultConfigurationName = Release;
		};
		D36C75E9271F251400E440FE /* Build configuration list for PBXNativeTarget "LearningApp" */ = {
			isa = XCConfigurationList;
			buildConfigurations = (
				D36C75EA271F251400E440FE /* Debug */,
				D36C75EB271F251400E440FE /* Release */,
			);
			defaultConfigurationIsVisible = 0;
			defaultConfigurationName = Release;
		};
/* End XCConfigurationList section */
	};
	rootObject = D36C75D3271F250D00E440FE /* Project object */;
}
